
Microsoft Visual Studio Solution File, Format Version 12.00
# Visual Studio 15
VisualStudioVersion = 15.0.28307.852
MinimumVisualStudioVersion = 10.0.40219.1
Project("{9A19103F-16F7-4668-BE54-9A1E7A4F7556}") = "BookingTicketRestAPICoreDapper", "BookingTicketRestAPICoreDapper\BookingTicketRestAPICoreDapper.csproj", "{06F7A0C0-D30F-42E8-8B97-F7B6DA23A2E8}"
EndProject
Project("{9A19103F-16F7-4668-BE54-9A1E7A4F7556}") = "BookingTicketRestAPICoreDapper_Data", "BookingTicketRestAPICoreDapper_Data\BookingTicketRestAPICoreDapper_Data.csproj", "{F4791115-38E6-48DD-A909-456F0BB1CDD5}"
EndProject
Project("{9A19103F-16F7-4668-BE54-9A1E7A4F7556}") = "BookingTicketRestAPICoreDapper_Utilities", "BookingTicketRestAPICoreDapper_Utilities\BookingTicketRestAPICoreDapper_Utilities.csproj", "{43A16730-B601-4B57-B3E1-85B704513F02}"
EndProject
Global
	GlobalSection(SolutionConfigurationPlatforms) = preSolution
		Debug|Any CPU = Debug|Any CPU
		Release|Any CPU = Release|Any CPU
	EndGlobalSection
	GlobalSection(ProjectConfigurationPlatforms) = postSolution
		{06F7A0C0-D30F-42E8-8B97-F7B6DA23A2E8}.Debug|Any CPU.ActiveCfg = Debug|Any CPU
		{06F7A0C0-D30F-42E8-8B97-F7B6DA23A2E8}.Debug|Any CPU.Build.0 = Debug|Any CPU
		{06F7A0C0-D30F-42E8-8B97-F7B6DA23A2E8}.Release|Any CPU.ActiveCfg = Release|Any CPU
		{06F7A0C0-D30F-42E8-8B97-F7B6DA23A2E8}.Release|Any CPU.Build.0 = Release|Any CPU
		{F4791115-38E6-48DD-A909-456F0BB1CDD5}.Debug|Any CPU.ActiveCfg = Debug|Any CPU
		{F4791115-38E6-48DD-A909-456F0BB1CDD5}.Debug|Any CPU.Build.0 = Debug|Any CPU
		{F4791115-38E6-48DD-A909-456F0BB1CDD5}.Release|Any CPU.ActiveCfg = Release|Any CPU
		{F4791115-38E6-48DD-A909-456F0BB1CDD5}.Release|Any CPU.Build.0 = Release|Any CPU
		{43A16730-B601-4B57-B3E1-85B704513F02}.Debug|Any CPU.ActiveCfg = Debug|Any CPU
		{43A16730-B601-4B57-B3E1-85B704513F02}.Debug|Any CPU.Build.0 = Debug|Any CPU
		{43A16730-B601-4B57-B3E1-85B704513F02}.Release|Any CPU.ActiveCfg = Release|Any CPU
		{43A16730-B601-4B57-B3E1-85B704513F02}.Release|Any CPU.Build.0 = Release|Any CPU
	EndGlobalSection
	GlobalSection(SolutionProperties) = preSolution
		HideSolutionNode = FALSE
	EndGlobalSection
	GlobalSection(ExtensibilityGlobals) = postSolution
		SolutionGuid = {6FB0F60B-EAA8-415A-8FBE-519AA598CB29}
	EndGlobalSection
EndGlobal
